<?xml version="1.0" encoding="utf-8"?>
<Project ToolsVersion="4.0" xmlns="http://schemas.microsoft.com/developer/msbuild/2003">
  <ItemGroup>
    <Filter Include="Source Files">
      <UniqueIdentifier>{4FC737F1-C7A5-4376-A066-2A32D752A2FF}</UniqueIdentifier>
      <Extensions>cpp;c;cc;cxx;def;odl;idl;hpj;bat;asm;asmx</Extensions>
    </Filter>
    <Filter Include="Header Files">
      <UniqueIdentifier>{93995380-89BD-4b04-88EB-625FBE52EBFB}</UniqueIdentifier>
      <Extensions>h;hh;hpp;hxx;hm;inl;inc;xsd</Extensions>
    </Filter>
    <Filter Include="Resource Files">
      <UniqueIdentifier>{67DA6AB6-F800-4c08-8B7A-83BB121AAD01}</UniqueIdentifier>
      <Extensions>rc;ico;cur;bmp;dlg;rc2;rct;bin;rgs;gif;jpg;jpeg;jpe;resx;tiff;tif;png;wav;mfcribbon-ms</Extensions>
    </Filter>
  </ItemGroup>
  <ItemGroup>
    <Text Include="ReadMe.txt" />
  </ItemGroup>
  <ItemGroup>
    <ClInclude Include="WillItStand.h">
      <Filter>Header Files</Filter>
    </ClInclude>
    <ClInclude Include="WillItStandDlg.h">
      <Filter>Header Files</Filter>
    </ClInclude>
    <ClInclude Include="stdafx.h">
      <Filter>Header Files</Filter>
    </ClInclude>
    <ClInclude Include="targetver.h">
      <Filter>Header Files</Filter>
    </ClInclude>
    <ClInclude Include="Resource.h">
      <Filter>Header Files</Filter>
    </ClInclude>
    <ClInclude Include="WillItStand_Engine\GeometricTools.h">
      <Filter>Header Files</Filter>
    </ClInclude>
    <ClInclude Include="WillItStand_Engine\mat4.h">
      <Filter>Header Files</Filter>
    </ClInclude>
    <ClInclude Include="WillItStand_Engine\MeshModel.h">
      <Filter>Header Files</Filter>
    </ClInclude>
    <ClInclude Include="WillItStand_Engine\Polygon3D.h">
      <Filter>Header Files</Filter>
    </ClInclude>
    <ClInclude Include="WillItStand_Engine\vec3.h">
      <Filter>Header Files</Filter>
    </ClInclude>
    <ClInclude Include="libqhullcpp\Coordinates.h">
      <Filter>Header Files</Filter>
    </ClInclude>
    <ClInclude Include="libqhullcpp\functionObjects.h">
      <Filter>Header Files</Filter>
    </ClInclude>
    <ClInclude Include="libqhullcpp\PointCoordinates.h">
      <Filter>Header Files</Filter>
    </ClInclude>
    <ClInclude Include="libqhullcpp\Qhull.h">
      <Filter>Header Files</Filter>
    </ClInclude>
    <ClInclude Include="libqhullcpp\QhullError.h">
      <Filter>Header Files</Filter>
    </ClInclude>
    <ClInclude Include="libqhullcpp\QhullFacet.h">
      <Filter>Header Files</Filter>
    </ClInclude>
    <ClInclude Include="libqhullcpp\QhullFacetList.h">
      <Filter>Header Files</Filter>
    </ClInclude>
    <ClInclude Include="libqhullcpp\QhullFacetSet.h">
      <Filter>Header Files</Filter>
    </ClInclude>
    <ClInclude Include="libqhullcpp\QhullHyperplane.h">
      <Filter>Header Files</Filter>
    </ClInclude>
    <ClInclude Include="libqhullcpp\QhullIterator.h">
      <Filter>Header Files</Filter>
    </ClInclude>
    <ClInclude Include="libqhullcpp\QhullLinkedList.h">
      <Filter>Header Files</Filter>
    </ClInclude>
    <ClInclude Include="libqhullcpp\QhullPoint.h">
      <Filter>Header Files</Filter>
    </ClInclude>
    <ClInclude Include="libqhullcpp\QhullPoints.h">
      <Filter>Header Files</Filter>
    </ClInclude>
    <ClInclude Include="libqhullcpp\QhullPointSet.h">
      <Filter>Header Files</Filter>
    </ClInclude>
    <ClInclude Include="libqhullcpp\QhullQh.h">
      <Filter>Header Files</Filter>
    </ClInclude>
    <ClInclude Include="libqhullcpp\QhullRidge.h">
      <Filter>Header Files</Filter>
    </ClInclude>
    <ClInclude Include="libqhullcpp\QhullSet.h">
      <Filter>Header Files</Filter>
    </ClInclude>
    <ClInclude Include="libqhullcpp\QhullSets.h">
      <Filter>Header Files</Filter>
    </ClInclude>
    <ClInclude Include="libqhullcpp\QhullStat.h">
      <Filter>Header Files</Filter>
    </ClInclude>
    <ClInclude Include="libqhullcpp\QhullVertex.h">
      <Filter>Header Files</Filter>
    </ClInclude>
    <ClInclude Include="libqhullcpp\QhullVertexSet.h">
      <Filter>Header Files</Filter>
    </ClInclude>
    <ClInclude Include="libqhullcpp\RboxPoints.h">
      <Filter>Header Files</Filter>
    </ClInclude>
    <ClInclude Include="libqhullcpp\RoadError.h">
      <Filter>Header Files</Filter>
    </ClInclude>
    <ClInclude Include="libqhullcpp\RoadLogEvent.h">
      <Filter>Header Files</Filter>
    </ClInclude>
    <ClInclude Include="libqhullcpp\UsingLibQhull.h">
      <Filter>Header Files</Filter>
    </ClInclude>
    <ClInclude Include="libqhull\geom.h">
      <Filter>Header Files</Filter>
    </ClInclude>
    <ClInclude Include="libqhull\io.h">
      <Filter>Header Files</Filter>
    </ClInclude>
    <ClInclude Include="libqhull\libqhull.h">
      <Filter>Header Files</Filter>
    </ClInclude>
    <ClInclude Include="libqhull\mem.h">
      <Filter>Header Files</Filter>
    </ClInclude>
    <ClInclude Include="libqhull\merge.h">
      <Filter>Header Files</Filter>
    </ClInclude>
    <ClInclude Include="libqhull\poly.h">
      <Filter>Header Files</Filter>
    </ClInclude>
    <ClInclude Include="libqhull\qhull_a.h">
      <Filter>Header Files</Filter>
    </ClInclude>
    <ClInclude Include="libqhull\qset.h">
      <Filter>Header Files</Filter>
    </ClInclude>
    <ClInclude Include="libqhull\random.h">
      <Filter>Header Files</Filter>
    </ClInclude>
    <ClInclude Include="libqhull\stat.h">
      <Filter>Header Files</Filter>
    </ClInclude>
    <ClInclude Include="libqhull\user.h">
      <Filter>Header Files</Filter>
    </ClInclude>
    <ClInclude Include="WillItStand_Engine\WillItStandEngine.h">
      <Filter>Header Files</Filter>
    </ClInclude>
  </ItemGroup>
  <ItemGroup>
    <ClCompile Include="WillItStand.cpp">
      <Filter>Source Files</Filter>
    </ClCompile>
    <ClCompile Include="WillItStandDlg.cpp">
      <Filter>Source Files</Filter>
    </ClCompile>
    <ClCompile Include="stdafx.cpp">
      <Filter>Source Files</Filter>
    </ClCompile>
    <ClCompile Include="WillItStand_Engine\GeometricTools.cpp">
      <Filter>Source Files</Filter>
    </ClCompile>
    <ClCompile Include="WillItStand_Engine\mat4.cpp">
      <Filter>Source Files</Filter>
    </ClCompile>
    <ClCompile Include="WillItStand_Engine\MeshModel.cpp">
      <Filter>Source Files</Filter>
    </ClCompile>
    <ClCompile Include="WillItStand_Engine\Polygon3D.cpp">
      <Filter>Source Files</Filter>
    </ClCompile>
    <ClCompile Include="WillItStand_Engine\vec3.cpp">
      <Filter>Source Files</Filter>
    </ClCompile>
    <ClCompile Include="libqhullcpp\Coordinates.cpp">
      <Filter>Source Files</Filter>
    </ClCompile>
    <ClCompile Include="libqhullcpp\PointCoordinates.cpp">
      <Filter>Source Files</Filter>
    </ClCompile>
    <ClCompile Include="libqhullcpp\Qhull.cpp">
      <Filter>Source Files</Filter>
    </ClCompile>
    <ClCompile Include="libqhullcpp\QhullFacet.cpp">
      <Filter>Source Files</Filter>
    </ClCompile>
    <ClCompile Include="libqhullcpp\QhullFacetList.cpp">
      <Filter>Source Files</Filter>
    </ClCompile>
    <ClCompile Include="libqhullcpp\QhullFacetSet.cpp">
      <Filter>Source Files</Filter>
    </ClCompile>
    <ClCompile Include="libqhullcpp\QhullHyperplane.cpp">
      <Filter>Source Files</Filter>
    </ClCompile>
    <ClCompile Include="libqhullcpp\QhullPoint.cpp">
      <Filter>Source Files</Filter>
    </ClCompile>
    <ClCompile Include="libqhullcpp\QhullPoints.cpp">
      <Filter>Source Files</Filter>
    </ClCompile>
    <ClCompile Include="libqhullcpp\QhullPointSet.cpp">
      <Filter>Source Files</Filter>
    </ClCompile>
    <ClCompile Include="libqhullcpp\QhullQh.cpp">
      <Filter>Source Files</Filter>
    </ClCompile>
    <ClCompile Include="libqhullcpp\QhullRidge.cpp">
      <Filter>Source Files</Filter>
    </ClCompile>
    <ClCompile Include="libqhullcpp\QhullSet.cpp">
      <Filter>Source Files</Filter>
    </ClCompile>
    <ClCompile Include="libqhullcpp\QhullStat.cpp">
      <Filter>Source Files</Filter>
    </ClCompile>
    <ClCompile Include="libqhullcpp\QhullVertex.cpp">
      <Filter>Source Files</Filter>
    </ClCompile>
    <ClCompile Include="libqhullcpp\QhullVertexSet.cpp">
      <Filter>Source Files</Filter>
    </ClCompile>
    <ClCompile Include="libqhullcpp\qhull_interface.cpp">
      <Filter>Source Files</Filter>
    </ClCompile>
    <ClCompile Include="libqhullcpp\qt-qhull.cpp">
      <Filter>Source Files</Filter>
    </ClCompile>
    <ClCompile Include="libqhullcpp\RboxPoints.cpp">
      <Filter>Source Files</Filter>
    </ClCompile>
    <ClCompile Include="libqhullcpp\RoadError.cpp">
      <Filter>Source Files</Filter>
    </ClCompile>
    <ClCompile Include="libqhullcpp\RoadLogEvent.cpp">
      <Filter>Source Files</Filter>
    </ClCompile>
    <ClCompile Include="libqhullcpp\UsingLibQhull.cpp">
      <Filter>Source Files</Filter>
    </ClCompile>
    <ClCompile Include="libqhull\geom.c">
      <Filter>Source Files</Filter>
    </ClCompile>
    <ClCompile Include="libqhull\geom2.c">
      <Filter>Source Files</Filter>
    </ClCompile>
    <ClCompile Include="libqhull\global.c">
      <Filter>Source Files</Filter>
    </ClCompile>
    <ClCompile Include="libqhull\io.c">
      <Filter>Source Files</Filter>
    </ClCompile>
    <ClCompile Include="libqhull\libqhull.c">
      <Filter>Source Files</Filter>
    </ClCompile>
    <ClCompile Include="libqhull\mem.c">
      <Filter>Source Files</Filter>
    </ClCompile>
    <ClCompile Include="libqhull\merge.c">
      <Filter>Source Files</Filter>
    </ClCompile>
    <ClCompile Include="libqhull\poly.c">
      <Filter>Source Files</Filter>
    </ClCompile>
    <ClCompile Include="libqhull\poly2.c">
      <Filter>Source Files</Filter>
    </ClCompile>
    <ClCompile Include="libqhull\qset.c">
      <Filter>Source Files</Filter>
    </ClCompile>
    <ClCompile Include="libqhull\random.c">
      <Filter>Source Files</Filter>
    </ClCompile>
    <ClCompile Include="libqhull\rboxlib.c">
      <Filter>Source Files</Filter>
    </ClCompile>
    <ClCompile Include="libqhull\stat.c">
      <Filter>Source Files</Filter>
    </ClCompile>
    <ClCompile Include="libqhull\user.c">
      <Filter>Source Files</Filter>
    </ClCompile>
    <ClCompile Include="libqhull\usermem.c">
      <Filter>Source Files</Filter>
    </ClCompile>
    <ClCompile Include="libqhull\userprintf.c">
      <Filter>Source Files</Filter>
    </ClCompile>
    <ClCompile Include="libqhull\userprintf_rbox.c">
      <Filter>Source Files</Filter>
    </ClCompile>
    <ClCompile Include="WillItStand_Engine\WillItStandEngine.cpp">
      <Filter>Source Files</Filter>
    </ClCompile>
  </ItemGroup>
  <ItemGroup>
    <ResourceCompile Include="WillItStand.rc">
      <Filter>Resource Files</Filter>
    </ResourceCompile>
  </ItemGroup>
  <ItemGroup>
    <None Include="res\WillItStand.rc2">
      <Filter>Resource Files</Filter>
    </None>
  </ItemGroup>
  <ItemGroup>
    <Image Include="res\WillItStand.ico">
      <Filter>Resource Files</Filter>
    </Image>
  </ItemGroup>
</Project>